{
  "name": "graphics-design",
  "version": "0.1.0",
  "lockfileVersion": 3,
  "requires": true,
  "packages": {
    "": {
      "name": "graphics-design",
      "version": "0.1.0",
      "dependencies": {
        "@takumi-rs/core": "^1.8.6",
        "@takumi-rs/helpers": "^1.8.6"
      }
    },
    "node_modules/@takumi-rs/core": {
      "version": "1.8.6",
      "resolved": "https://registry.npmjs.org/@takumi-rs/core/-/core-1.8.6.tgz",
      "integrity": "sha512-U6m0WL/Ev17NgC5idwo2XSPWhQXakIaa8Ilfxwzo0DJsOVcmztLrO8CkedbhylAT2GS1OcY2luHCJOX3VIlg4w==",
      "license": "(MIT OR Apache-2.0)",
      "dependencies": {
        "@takumi-rs/helpers": "1.8.6"
      },
      "engines": {
        "node": ">= 12.22.0 < 13 || >= 14.17.0 < 15 || >= 15.12.0 < 16 || >= 16.0.0"
      },
      "optionalDependencies": {
        "@takumi-rs/core-darwin-arm64": "1.8.6",
        "@takumi-rs/core-darwin-x64": "1.8.6",
        "@takumi-rs/core-linux-arm64-gnu": "1.8.6",
        "@takumi-rs/core-linux-arm64-musl": "1.8.6",
        "@takumi-rs/core-linux-x64-gnu": "1.8.6",
        "@takumi-rs/core-linux-x64-musl": "1.8.6",
        "@takumi-rs/core-win32-arm64-msvc": "1.8.6",
        "@takumi-rs/core-win32-x64-msvc": "1.8.6"
      }
    },
    "node_modules/@takumi-rs/core-darwin-arm64": {
      "version": "1.8.6",
      "resolved": "https://registry.npmjs.org/@takumi-rs/core-darwin-arm64/-/core-darwin-arm64-1.8.6.tgz",
      "integrity": "sha512-63boBeyOkyDsaYKvHTm4vKmWusO/TvLtDtN+Ne/eNMRnJARn+fo1xZBsKwdH/tjQNJxuXWzUfIvcMfPvS2Nnrg==",
      "cpu": [
        "arm64"
      ],
      "license": "(MIT OR Apache-2.0)",
      "optional": true,
      "os": [
        "darwin"
      ],
      "engines": {
        "node": ">= 12.22.0 < 13 || >= 14.17.0 < 15 || >= 15.12.0 < 16 || >= 16.0.0"
      }
    },
    "node_modules/@takumi-rs/core-darwin-x64": {
      "version": "1.8.6",
      "resolved": "https://registry.npmjs.org/@takumi-rs/core-darwin-x64/-/core-darwin-x64-1.8.6.tgz",
      "integrity": "sha512-rNJv3gtUH2eX7RlaS+Pk7/xyejv693kiiLroxYBRsWu0/pCXXZkOldKa05QIRj/201b5oWWzggN+uybKH8lfNg==",
      "cpu": [
        "x64"
      ],
      "license": "(MIT OR Apache-2.0)",
      "optional": true,
      "os": [
        "darwin"
      ],
      "engines": {
        "node": ">= 12.22.0 < 13 || >= 14.17.0 < 15 || >= 15.12.0 < 16 || >= 16.0.0"
      }
    },
    "node_modules/@takumi-rs/core-linux-arm64-gnu": {
      "version": "1.8.6",
      "resolved": "https://registry.npmjs.org/@takumi-rs/core-linux-arm64-gnu/-/core-linux-arm64-gnu-1.8.6.tgz",
      "integrity": "sha512-oljLJauW7soIhlVMO5tfcyKzLz2PS+/+kXEXp/nXzOR0cOCdB9PfZCj5iYlcJFBZdYaprsl10hzE7rQbGCuKaQ==",
      "cpu": [
        "arm64"
      ],
      "license": "(MIT OR Apache-2.0)",
      "optional": true,
      "os": [
        "linux"
      ],
      "engines": {
        "node": ">= 12.22.0 < 13 || >= 14.17.0 < 15 || >= 15.12.0 < 16 || >= 16.0.0"
      }
    },
    "node_modules/@takumi-rs/core-linux-arm64-musl": {
      "version": "1.8.6",
      "resolved": "https://registry.npmjs.org/@takumi-rs/core-linux-arm64-musl/-/core-linux-arm64-musl-1.8.6.tgz",
      "integrity": "sha512-TFjZ7ABHVrJPMCMQJkshQgTr5XiUDxHRkrUy3nvtVUnPmORMKk/AX/uurXaq3Ok0+yUlAiGMah8ykLTz/74d/g==",
      "cpu": [
        "arm64"
      ],
      "license": "(MIT OR Apache-2.0)",
      "optional": true,
      "os": [
        "linux"
      ],
      "engines": {
        "node": ">= 12.22.0 < 13 || >= 14.17.0 < 15 || >= 15.12.0 < 16 || >= 16.0.0"
      }
    },
    "node_modules/@takumi-rs/core-linux-x64-gnu": {
      "version": "1.8.6",
      "resolved": "https://registry.npmjs.org/@takumi-rs/core-linux-x64-gnu/-/core-linux-x64-gnu-1.8.6.tgz",
      "integrity": "sha512-KytnRn1PREMyM9KMyLw1gCjIvP0mhI5dXKF4VvtmM0H5edKDFNVMf4TQfSA+pUe+doX9mZwhaVWLRJHqZcpyeA==",
      "cpu": [
        "x64"
      ],
      "license": "(MIT OR Apache-2.0)",
      "optional": true,
      "os": [
        "linux"
      ],
      "engines": {
        "node": ">= 12.22.0 < 13 || >= 14.17.0 < 15 || >= 15.12.0 < 16 || >= 16.0.0"
      }
    },
    "node_modules/@takumi-rs/core-linux-x64-musl": {
      "version": "1.8.6",
      "resolved": "https://registry.npmjs.org/@takumi-rs/core-linux-x64-musl/-/core-linux-x64-musl-1.8.6.tgz",
      "integrity": "sha512-sx3mHgyUsjPaAl0RxCDIGuoc5ZifRWti7rer/lTHw3AUeuZp1jCMmsQTU/eiC8rZMByP5S303zBz9JzmqQ8MmA==",
      "cpu": [
        "x64"
      ],
      "license": "(MIT OR Apache-2.0)",
      "optional": true,
      "os": [
        "linux"
      ],
      "engines": {
        "node": ">= 12.22.0 < 13 || >= 14.17.0 < 15 || >= 15.12.0 < 16 || >= 16.0.0"
      }
    },
    "node_modules/@takumi-rs/core-win32-arm64-msvc": {
      "version": "1.8.6",
      "resolved": "https://registry.npmjs.org/@takumi-rs/core-win32-arm64-msvc/-/core-win32-arm64-msvc-1.8.6.tgz",
      "integrity": "sha512-jZplWq1CVYi58r24jk2jypHqsfTK49aLZ51iHXf0HVTSfQHh0jp2/yfvf9FZi+8kJMOuN9q0OtnPfQe/ZcKA8A==",
      "cpu": [
        "arm64"
      ],
      "license": "(MIT OR Apache-2.0)",
      "optional": true,
      "os": [
        "win32"
      ],
      "engines": {
        "node": ">= 12.22.0 < 13 || >= 14.17.0 < 15 || >= 15.12.0 < 16 || >= 16.0.0"
      }
    },
    "node_modules/@takumi-rs/core-win32-x64-msvc": {
      "version": "1.8.6",
      "resolved": "https://registry.npmjs.org/@takumi-rs/core-win32-x64-msvc/-/core-win32-x64-msvc-1.8.6.tgz",
      "integrity": "sha512-7UMP1aJzA/49eVQ6dNYhmUtJV3IirKO+wE+2cn/L3yjCXFMOJtCPiwbESQe5tJrW5X2pfH9WTDjWEE1QqG5wYg==",
      "cpu": [
        "x64"
      ],
      "license": "(MIT OR Apache-2.0)",
      "optional": true,
      "os": [
        "win32"
      ],
      "engines": {
        "node": ">= 12.22.0 < 13 || >= 14.17.0 < 15 || >= 15.12.0 < 16 || >= 16.0.0"
      }
    },
    "node_modules/@takumi-rs/helpers": {
      "version": "1.8.6",
      "resolved": "https://registry.npmjs.org/@takumi-rs/helpers/-/helpers-1.8.6.tgz",
      "integrity": "sha512-P/Vr26/FwPNuLxPGB5MfO2hxPh0hluqw7A8px6OG9gvku6H18gpR/CeqLGWiBvlU3HQFqoUKhQKKS7kcG8Fp8g==",
      "license": "(MIT OR Apache-2.0)",
      "peerDependencies": {
        "react": "^19.2.5",
        "react-dom": "^18.0.0 || ^19.0.0"
      },
      "peerDependenciesMeta": {
        "react": {
          "optional": true
        },
        "react-dom": {
          "optional": true
        }
      }
    }
  }
}
